{
  "name": "jimu-core",
  "version": "1.15.0",
  "lockfileVersion": 3,
  "requires": true,
  "packages": {
    "": {
      "name": "jimu-core",
      "version": "1.15.0",
      "dependencies": {
        "jimu-core": "file:"
      }
    },
    "node_modules/jimu-core": {
      "resolved": "",
      "link": true
    }
  }
}
